
Microsoft Visual Studio Solution File, Format Version 12.00
# Visual Studio 15
VisualStudioVersion = 15.0.26430.6
MinimumVisualStudioVersion = 10.0.40219.1
Project("{9A19103F-16F7-4668-BE54-9A1E7A4F7556}") = "LightInject.Microsoft.DependencyInjection", "LightInject.Microsoft.DependencyInjection\LightInject.Microsoft.DependencyInjection.csproj", "{C8DDAC5B-E79B-40F7-9525-D60C2627729D}"
EndProject
Project("{9A19103F-16F7-4668-BE54-9A1E7A4F7556}") = "LightInject.Microsoft.DependencyInjection.Tests", "LightInject.Microsoft.DependencyInjection.Tests\LightInject.Microsoft.DependencyInjection.Tests.csproj", "{316E8DE6-85AF-4A8F-995F-3B639BECA470}"
EndProject
Global
	GlobalSection(SolutionConfigurationPlatforms) = preSolution
		Debug|Any CPU = Debug|Any CPU
		Release|Any CPU = Release|Any CPU
	EndGlobalSection
	GlobalSection(ProjectConfigurationPlatforms) = postSolution
		{C8DDAC5B-E79B-40F7-9525-D60C2627729D}.Debug|Any CPU.ActiveCfg = Debug|Any CPU
		{C8DDAC5B-E79B-40F7-9525-D60C2627729D}.Debug|Any CPU.Build.0 = Debug|Any CPU
		{C8DDAC5B-E79B-40F7-9525-D60C2627729D}.Release|Any CPU.ActiveCfg = Release|Any CPU
		{C8DDAC5B-E79B-40F7-9525-D60C2627729D}.Release|Any CPU.Build.0 = Release|Any CPU
		{316E8DE6-85AF-4A8F-995F-3B639BECA470}.Debug|Any CPU.ActiveCfg = Debug|Any CPU
		{316E8DE6-85AF-4A8F-995F-3B639BECA470}.Debug|Any CPU.Build.0 = Debug|Any CPU
		{316E8DE6-85AF-4A8F-995F-3B639BECA470}.Release|Any CPU.ActiveCfg = Release|Any CPU
		{316E8DE6-85AF-4A8F-995F-3B639BECA470}.Release|Any CPU.Build.0 = Release|Any CPU
	EndGlobalSection
	GlobalSection(SolutionProperties) = preSolution
		HideSolutionNode = FALSE
	EndGlobalSection
EndGlobal
